
Microsoft Visual Studio Solution File, Format Version 12.00
# Visual Studio Version 17
VisualStudioVersion = 17.7.34221.43
MinimumVisualStudioVersion = 10.0.40219.1
Project("{8BC9CEB8-8B4A-11D0-8D11-00A0C91BC942}") = "komponent", "komponent\komponent.vcxproj", "{B9FA0530-ECD1-4E44-9265-0BAD2492B489}"
EndProject
Project("{8BC9CEB8-8B4A-11D0-8D11-00A0C91BC942}") = "klient", "klient\klient.vcxproj", "{838A1A49-1CF2-4471-B2FA-D4C6A173A22A}"
EndProject
Global
	GlobalSection(SolutionConfigurationPlatforms) = preSolution
		Debug|x64 = Debug|x64
		Debug|x86 = Debug|x86
		Release|x64 = Release|x64
		Release|x86 = Release|x86
	EndGlobalSection
	GlobalSection(ProjectConfigurationPlatforms) = postSolution
		{B9FA0530-ECD1-4E44-9265-0BAD2492B489}.Debug|x64.ActiveCfg = Debug|x64
		{B9FA0530-ECD1-4E44-9265-0BAD2492B489}.Debug|x64.Build.0 = Debug|x64
		{B9FA0530-ECD1-4E44-9265-0BAD2492B489}.Debug|x86.ActiveCfg = Debug|Win32
		{B9FA0530-ECD1-4E44-9265-0BAD2492B489}.Debug|x86.Build.0 = Debug|Win32
		{B9FA0530-ECD1-4E44-9265-0BAD2492B489}.Release|x64.ActiveCfg = Release|x64
		{B9FA0530-ECD1-4E44-9265-0BAD2492B489}.Release|x64.Build.0 = Release|x64
		{B9FA0530-ECD1-4E44-9265-0BAD2492B489}.Release|x86.ActiveCfg = Release|Win32
		{B9FA0530-ECD1-4E44-9265-0BAD2492B489}.Release|x86.Build.0 = Release|Win32
		{838A1A49-1CF2-4471-B2FA-D4C6A173A22A}.Debug|x64.ActiveCfg = Debug|x64
		{838A1A49-1CF2-4471-B2FA-D4C6A173A22A}.Debug|x64.Build.0 = Debug|x64
		{838A1A49-1CF2-4471-B2FA-D4C6A173A22A}.Debug|x86.ActiveCfg = Debug|Win32
		{838A1A49-1CF2-4471-B2FA-D4C6A173A22A}.Debug|x86.Build.0 = Debug|Win32
		{838A1A49-1CF2-4471-B2FA-D4C6A173A22A}.Release|x64.ActiveCfg = Release|x64
		{838A1A49-1CF2-4471-B2FA-D4C6A173A22A}.Release|x64.Build.0 = Release|x64
		{838A1A49-1CF2-4471-B2FA-D4C6A173A22A}.Release|x86.ActiveCfg = Release|Win32
		{838A1A49-1CF2-4471-B2FA-D4C6A173A22A}.Release|x86.Build.0 = Release|Win32
	EndGlobalSection
	GlobalSection(SolutionProperties) = preSolution
		HideSolutionNode = FALSE
	EndGlobalSection
	GlobalSection(ExtensibilityGlobals) = postSolution
		SolutionGuid = {A9A80658-2011-4A0B-8D15-14BF08686B20}
	EndGlobalSection
EndGlobal
